
Microsoft Visual Studio Solution File, Format Version 12.00
# Visual Studio Version 17
VisualStudioVersion = 17.8.34525.116
MinimumVisualStudioVersion = 10.0.40219.1
Project("{FAE04EC0-301F-11D3-BF4B-00C04F79EFBC}") = "AcmeDnsPlatform", "AcmeDnsPlatform\AcmeDnsPlatform.csproj", "{1FA65CE3-C1A2-49A4-95D5-8C76219A7DAE}"
EndProject
Project("{FAE04EC0-301F-11D3-BF4B-00C04F79EFBC}") = "AcmeDnsPlatform.Provider.Bunny", "AcmeDnsPlatform.Provider.Bunny\AcmeDnsPlatform.Provider.Bunny.csproj", "{9C6D4EDF-955C-4EC4-A600-B5879362276B}"
EndProject
Project("{FAE04EC0-301F-11D3-BF4B-00C04F79EFBC}") = "AcmeDnsPlatform.Api", "AcmeDnsPlatform.Api\AcmeDnsPlatform.Api.csproj", "{DD64A8C1-2C9A-4E3C-AB9F-5494244584C2}"
EndProject
Project("{FAE04EC0-301F-11D3-BF4B-00C04F79EFBC}") = "AcmeDnsPlatform.Provider.Otc", "AcmeDnsPlatform.Provider.Otc\AcmeDnsPlatform.Provider.Otc.csproj", "{07CD6554-1DDF-4466-A93F-89693D63C44F}"
EndProject
Project("{FAE04EC0-301F-11D3-BF4B-00C04F79EFBC}") = "AcmeDnsPlatform.Provider.Sha384", "AcmeDnsPlatform.Provider.Sha384\AcmeDnsPlatform.Provider.Sha384.csproj", "{9B4AFE83-FE23-4FD6-AF91-D25145D6DC48}"
EndProject
Project("{FAE04EC0-301F-11D3-BF4B-00C04F79EFBC}") = "AcmeDnsPlatform.Provider.Sqlite3", "AcmeDnsPlatform.Provider.Sqlite3\AcmeDnsPlatform.Provider.Sqlite3.csproj", "{AE7E3B9F-D191-41CF-8432-3953EAB771F2}"
EndProject
Project("{FAE04EC0-301F-11D3-BF4B-00C04F79EFBC}") = "AcmeDnsPlatform.Provider.LibSql", "AcmeDnsPlatform.Provider.LibSql\AcmeDnsPlatform.Provider.LibSql.csproj", "{9BAA074D-CAF9-4D7C-876C-6A500B8D404C}"
EndProject
Global
	GlobalSection(SolutionConfigurationPlatforms) = preSolution
		Debug|Any CPU = Debug|Any CPU
		Release|Any CPU = Release|Any CPU
	EndGlobalSection
	GlobalSection(ProjectConfigurationPlatforms) = postSolution
		{1FA65CE3-C1A2-49A4-95D5-8C76219A7DAE}.Debug|Any CPU.ActiveCfg = Debug|Any CPU
		{1FA65CE3-C1A2-49A4-95D5-8C76219A7DAE}.Debug|Any CPU.Build.0 = Debug|Any CPU
		{1FA65CE3-C1A2-49A4-95D5-8C76219A7DAE}.Release|Any CPU.ActiveCfg = Release|Any CPU
		{1FA65CE3-C1A2-49A4-95D5-8C76219A7DAE}.Release|Any CPU.Build.0 = Release|Any CPU
		{9C6D4EDF-955C-4EC4-A600-B5879362276B}.Debug|Any CPU.ActiveCfg = Debug|Any CPU
		{9C6D4EDF-955C-4EC4-A600-B5879362276B}.Debug|Any CPU.Build.0 = Debug|Any CPU
		{9C6D4EDF-955C-4EC4-A600-B5879362276B}.Release|Any CPU.ActiveCfg = Release|Any CPU
		{9C6D4EDF-955C-4EC4-A600-B5879362276B}.Release|Any CPU.Build.0 = Release|Any CPU
		{DD64A8C1-2C9A-4E3C-AB9F-5494244584C2}.Debug|Any CPU.ActiveCfg = Debug|Any CPU
		{DD64A8C1-2C9A-4E3C-AB9F-5494244584C2}.Debug|Any CPU.Build.0 = Debug|Any CPU
		{DD64A8C1-2C9A-4E3C-AB9F-5494244584C2}.Release|Any CPU.ActiveCfg = Release|Any CPU
		{DD64A8C1-2C9A-4E3C-AB9F-5494244584C2}.Release|Any CPU.Build.0 = Release|Any CPU
		{07CD6554-1DDF-4466-A93F-89693D63C44F}.Debug|Any CPU.ActiveCfg = Debug|Any CPU
		{07CD6554-1DDF-4466-A93F-89693D63C44F}.Debug|Any CPU.Build.0 = Debug|Any CPU
		{07CD6554-1DDF-4466-A93F-89693D63C44F}.Release|Any CPU.ActiveCfg = Release|Any CPU
		{07CD6554-1DDF-4466-A93F-89693D63C44F}.Release|Any CPU.Build.0 = Release|Any CPU
		{9B4AFE83-FE23-4FD6-AF91-D25145D6DC48}.Debug|Any CPU.ActiveCfg = Debug|Any CPU
		{9B4AFE83-FE23-4FD6-AF91-D25145D6DC48}.Debug|Any CPU.Build.0 = Debug|Any CPU
		{9B4AFE83-FE23-4FD6-AF91-D25145D6DC48}.Release|Any CPU.ActiveCfg = Release|Any CPU
		{9B4AFE83-FE23-4FD6-AF91-D25145D6DC48}.Release|Any CPU.Build.0 = Release|Any CPU
		{AE7E3B9F-D191-41CF-8432-3953EAB771F2}.Debug|Any CPU.ActiveCfg = Debug|Any CPU
		{AE7E3B9F-D191-41CF-8432-3953EAB771F2}.Debug|Any CPU.Build.0 = Debug|Any CPU
		{AE7E3B9F-D191-41CF-8432-3953EAB771F2}.Release|Any CPU.ActiveCfg = Release|Any CPU
		{AE7E3B9F-D191-41CF-8432-3953EAB771F2}.Release|Any CPU.Build.0 = Release|Any CPU
		{9BAA074D-CAF9-4D7C-876C-6A500B8D404C}.Debug|Any CPU.ActiveCfg = Debug|Any CPU
		{9BAA074D-CAF9-4D7C-876C-6A500B8D404C}.Debug|Any CPU.Build.0 = Debug|Any CPU
		{9BAA074D-CAF9-4D7C-876C-6A500B8D404C}.Release|Any CPU.ActiveCfg = Release|Any CPU
		{9BAA074D-CAF9-4D7C-876C-6A500B8D404C}.Release|Any CPU.Build.0 = Release|Any CPU
	EndGlobalSection
	GlobalSection(SolutionProperties) = preSolution
		HideSolutionNode = FALSE
	EndGlobalSection
	GlobalSection(ExtensibilityGlobals) = postSolution
		SolutionGuid = {256185B1-1E84-4AE9-A4BC-0ACAFF2B46BE}
	EndGlobalSection
EndGlobal
